// !$*UTF8*$!
{
	archiveVersion = 1;
	classes = {
	};
	objectVersion = 46;
	objects = {

/* Begin PBXBuildFile section */
		50AB1A4F1BD7179700F14421 /* main.m in Sources */ = {isa = PBXBuildFile; fileRef = 50AB1A4E1BD7179700F14421 /* main.m */; };
		50AB1A521BD7179700F14421 /* AppDelegate.m in Sources */ = {isa = PBXBuildFile; fileRef = 50AB1A511BD7179700F14421 /* AppDelegate.m */; };
		50AB1A551BD7179700F14421 /* ViewController.m in Sources */ = {isa = PBXBuildFile; fileRef = 50AB1A541BD7179700F14421 /* ViewController.m */; };
		50AB1A581BD7179700F14421 /* Main.storyboard in Resources */ = {isa = PBXBuildFile; fileRef = 50AB1A561BD7179700F14421 /* Main.storyboard */; };
		50AB1A5A1BD7179700F14421 /* Assets.xcassets in Resources */ = {isa = PBXBuildFile; fileRef = 50AB1A591BD7179700F14421 /* Assets.xcassets */; };
		50AB1A5D1BD7179700F14421 /* LaunchScreen.storyboard in Resources */ = {isa = PBXBuildFile; fileRef = 50AB1A5B1BD7179700F14421 /* LaunchScreen.storyboard */; };
		50AB1A671BD717A700F14421 /* libInMobi-5.0.1.a in Frameworks */ = {isa = PBXBuildFile; fileRef = 50AB1A651BD717A700F14421 /* libInMobi-5.0.1.a */; settings = {ASSET_TAGS = (); }; };
		50AB1A731BD717E100F14421 /* libsqlite3.tbd in Frameworks */ = {isa = PBXBuildFile; fileRef = 50AB1A721BD717E100F14421 /* libsqlite3.tbd */; };
		50AB1A751BD718AF00F14421 /* libc++.tbd in Frameworks */ = {isa = PBXBuildFile; fileRef = 50AB1A741BD718AF00F14421 /* libc++.tbd */; };
/* End PBXBuildFile section */

/* Begin PBXFileReference section */
		50AB1A4A1BD7179700F14421 /* InMobiTest.app */ = {isa = PBXFileReference; explicitFileType = wrapper.application; includeInIndex = 0; path = InMobiTest.app; sourceTree = BUILT_PRODUCTS_DIR; };
		50AB1A4E1BD7179700F14421 /* main.m */ = {isa = PBXFileReference; lastKnownFileType = sourcecode.c.objc; path = main.m; sourceTree = "<group>"; };
		50AB1A501BD7179700F14421 /* AppDelegate.h */ = {isa = PBXFileReference; lastKnownFileType = sourcecode.c.h; path = AppDelegate.h; sourceTree = "<group>"; };
		50AB1A511BD7179700F14421 /* AppDelegate.m */ = {isa = PBXFileReference; lastKnownFileType = sourcecode.c.objc; path = AppDelegate.m; sourceTree = "<group>"; };
		50AB1A531BD7179700F14421 /* ViewController.h */ = {isa = PBXFileReference; lastKnownFileType = sourcecode.c.h; path = ViewController.h; sourceTree = "<group>"; };
		50AB1A541BD7179700F14421 /* ViewController.m */ = {isa = PBXFileReference; lastKnownFileType = sourcecode.c.objc; path = ViewController.m; sourceTree = "<group>"; };
		50AB1A571BD7179700F14421 /* Base */ = {isa = PBXFileReference; lastKnownFileType = file.storyboard; name = Base; path = Base.lproj/Main.storyboard; sourceTree = "<group>"; };
		50AB1A591BD7179700F14421 /* Assets.xcassets */ = {isa = PBXFileReference; lastKnownFileType = folder.assetcatalog; path = Assets.xcassets; sourceTree = "<group>"; };
		50AB1A5C1BD7179700F14421 /* Base */ = {isa = PBXFileReference; lastKnownFileType = file.storyboard; name = Base; path = Base.lproj/LaunchScreen.storyboard; sourceTree = "<group>"; };
		50AB1A5E1BD7179700F14421 /* Info.plist */ = {isa = PBXFileReference; lastKnownFileType = text.plist.xml; path = Info.plist; sourceTree = "<group>"; };
		50AB1A651BD717A700F14421 /* libInMobi-5.0.1.a */ = {isa = PBXFileReference; lastKnownFileType = archive.ar; path = "libInMobi-5.0.1.a"; sourceTree = "<group>"; };
		50AB1A681BD717D500F14421 /* IMBanner.h */ = {isa = PBXFileReference; lastKnownFileType = sourcecode.c.h; path = IMBanner.h; sourceTree = "<group>"; };
		50AB1A691BD717D500F14421 /* IMBannerDelegate.h */ = {isa = PBXFileReference; lastKnownFileType = sourcecode.c.h; path = IMBannerDelegate.h; sourceTree = "<group>"; };
		50AB1A6A1BD717D500F14421 /* IMCommonConstants.h */ = {isa = PBXFileReference; lastKnownFileType = sourcecode.c.h; path = IMCommonConstants.h; sourceTree = "<group>"; };
		50AB1A6B1BD717D500F14421 /* IMCustomNative.h */ = {isa = PBXFileReference; lastKnownFileType = sourcecode.c.h; path = IMCustomNative.h; sourceTree = "<group>"; };
		50AB1A6C1BD717D500F14421 /* IMInterstitial.h */ = {isa = PBXFileReference; lastKnownFileType = sourcecode.c.h; path = IMInterstitial.h; sourceTree = "<group>"; };
		50AB1A6D1BD717D500F14421 /* IMInterstitialDelegate.h */ = {isa = PBXFileReference; lastKnownFileType = sourcecode.c.h; path = IMInterstitialDelegate.h; sourceTree = "<group>"; };
		50AB1A6E1BD717D500F14421 /* IMNative.h */ = {isa = PBXFileReference; lastKnownFileType = sourcecode.c.h; path = IMNative.h; sourceTree = "<group>"; };
		50AB1A6F1BD717D500F14421 /* IMNativeDelegate.h */ = {isa = PBXFileReference; lastKnownFileType = sourcecode.c.h; path = IMNativeDelegate.h; sourceTree = "<group>"; };
		50AB1A701BD717D500F14421 /* IMRequestStatus.h */ = {isa = PBXFileReference; lastKnownFileType = sourcecode.c.h; path = IMRequestStatus.h; sourceTree = "<group>"; };
		50AB1A711BD717D500F14421 /* IMSdk.h */ = {isa = PBXFileReference; lastKnownFileType = sourcecode.c.h; path = IMSdk.h; sourceTree = "<group>"; };
		50AB1A721BD717E100F14421 /* libsqlite3.tbd */ = {isa = PBXFileReference; lastKnownFileType = "sourcecode.text-based-dylib-definition"; name = libsqlite3.tbd; path = usr/lib/libsqlite3.tbd; sourceTree = SDKROOT; };
		50AB1A741BD718AF00F14421 /* libc++.tbd */ = {isa = PBXFileReference; lastKnownFileType = "sourcecode.text-based-dylib-definition"; name = "libc++.tbd"; path = "usr/lib/libc++.tbd"; sourceTree = SDKROOT; };
/* End PBXFileReference section */

/* Begin PBXFrameworksBuildPhase section */
		50AB1A471BD7179700F14421 /* Frameworks */ = {
			isa = PBXFrameworksBuildPhase;
			buildActionMask = 2147483647;
			files = (
				50AB1A751BD718AF00F14421 /* libc++.tbd in Frameworks */,
				50AB1A731BD717E100F14421 /* libsqlite3.tbd in Frameworks */,
				50AB1A671BD717A700F14421 /* libInMobi-5.0.1.a in Frameworks */,
			);
			runOnlyForDeploymentPostprocessing = 0;
		};
/* End PBXFrameworksBuildPhase section */

/* Begin PBXGroup section */
		50AB1A411BD7179700F14421 = {
			isa = PBXGroup;
			children = (
				50AB1A741BD718AF00F14421 /* libc++.tbd */,
				50AB1A721BD717E100F14421 /* libsqlite3.tbd */,
				50AB1A4C1BD7179700F14421 /* InMobiTest */,
				50AB1A4B1BD7179700F14421 /* Products */,
			);
			sourceTree = "<group>";
		};
		50AB1A4B1BD7179700F14421 /* Products */ = {
			isa = PBXGroup;
			children = (
				50AB1A4A1BD7179700F14421 /* InMobiTest.app */,
			);
			name = Products;
			sourceTree = "<group>";
		};
		50AB1A4C1BD7179700F14421 /* InMobiTest */ = {
			isa = PBXGroup;
			children = (
				50AB1A681BD717D500F14421 /* IMBanner.h */,
				50AB1A691BD717D500F14421 /* IMBannerDelegate.h */,
				50AB1A6A1BD717D500F14421 /* IMCommonConstants.h */,
				50AB1A6B1BD717D500F14421 /* IMCustomNative.h */,
				50AB1A6C1BD717D500F14421 /* IMInterstitial.h */,
				50AB1A6D1BD717D500F14421 /* IMInterstitialDelegate.h */,
				50AB1A6E1BD717D500F14421 /* IMNative.h */,
				50AB1A6F1BD717D500F14421 /* IMNativeDelegate.h */,
				50AB1A701BD717D500F14421 /* IMRequestStatus.h */,
				50AB1A711BD717D500F14421 /* IMSdk.h */,
				50AB1A651BD717A700F14421 /* libInMobi-5.0.1.a */,
				50AB1A501BD7179700F14421 /* AppDelegate.h */,
				50AB1A511BD7179700F14421 /* AppDelegate.m */,
				50AB1A531BD7179700F14421 /* ViewController.h */,
				50AB1A541BD7179700F14421 /* ViewController.m */,
				50AB1A561BD7179700F14421 /* Main.storyboard */,
				50AB1A591BD7179700F14421 /* Assets.xcassets */,
				50AB1A5B1BD7179700F14421 /* LaunchScreen.storyboard */,
				50AB1A5E1BD7179700F14421 /* Info.plist */,
				50AB1A4D1BD7179700F14421 /* Supporting Files */,
			);
			path = InMobiTest;
			sourceTree = "<group>";
		};
		50AB1A4D1BD7179700F14421 /* Supporting Files */ = {
			isa = PBXGroup;
			children = (
				50AB1A4E1BD7179700F14421 /* main.m */,
			);
			name = "Supporting Files";
			sourceTree = "<group>";
		};
/* End PBXGroup section */

/* Begin PBXNativeTarget section */
		50AB1A491BD7179700F14421 /* InMobiTest */ = {
			isa = PBXNativeTarget;
			buildConfigurationList = 50AB1A611BD7179700F14421 /* Build configuration list for PBXNativeTarget "InMobiTest" */;
			buildPhases = (
				50AB1A461BD7179700F14421 /* Sources */,
				50AB1A471BD7179700F14421 /* Frameworks */,
				50AB1A481BD7179700F14421 /* Resources */,
			);
			buildRules = (
			);
			dependencies = (
			);
			name = InMobiTest;
			productName = InMobiTest;
			productReference = 50AB1A4A1BD7179700F14421 /* InMobiTest.app */;
			productType = "com.apple.product-type.application";
		};
/* End PBXNativeTarget section */

/* Begin PBXProject section */
		50AB1A421BD7179700F14421 /* Project object */ = {
			isa = PBXProject;
			attributes = {
				LastUpgradeCheck = 0700;
				ORGANIZATIONNAME = Heyzap;
				TargetAttributes = {
					50AB1A491BD7179700F14421 = {
						CreatedOnToolsVersion = 7.0.1;
					};
				};
			};
			buildConfigurationList = 50AB1A451BD7179700F14421 /* Build configuration list for PBXProject "InMobiTest" */;
			compatibilityVersion = "Xcode 3.2";
			developmentRegion = English;
			hasScannedForEncodings = 0;
			knownRegions = (
				en,
				Base,
			);
			mainGroup = 50AB1A411BD7179700F14421;
			productRefGroup = 50AB1A4B1BD7179700F14421 /* Products */;
			projectDirPath = "";
			projectRoot = "";
			targets = (
				50AB1A491BD7179700F14421 /* InMobiTest */,
			);
		};
/* End PBXProject section */

/* Begin PBXResourcesBuildPhase section */
		50AB1A481BD7179700F14421 /* Resources */ = {
			isa = PBXResourcesBuildPhase;
			buildActionMask = 2147483647;
			files = (
				50AB1A5D1BD7179700F14421 /* LaunchScreen.storyboard in Resources */,
				50AB1A5A1BD7179700F14421 /* Assets.xcassets in Resources */,
				50AB1A581BD7179700F14421 /* Main.storyboard in Resources */,
			);
			runOnlyForDeploymentPostprocessing = 0;
		};
/* End PBXResourcesBuildPhase section */

/* Begin PBXSourcesBuildPhase section */
		50AB1A461BD7179700F14421 /* Sources */ = {
			isa = PBXSourcesBuildPhase;
			buildActionMask = 2147483647;
			files = (
				50AB1A551BD7179700F14421 /* ViewController.m in Sources */,
				50AB1A521BD7179700F14421 /* AppDelegate.m in Sources */,
				50AB1A4F1BD7179700F14421 /* main.m in Sources */,
			);
			runOnlyForDeploymentPostprocessing = 0;
		};
/* End PBXSourcesBuildPhase section */

/* Begin PBXVariantGroup section */
		50AB1A561BD7179700F14421 /* Main.storyboard */ = {
			isa = PBXVariantGroup;
			children = (
				50AB1A571BD7179700F14421 /* Base */,
			);
			name = Main.storyboard;
			sourceTree = "<group>";
		};
		50AB1A5B1BD7179700F14421 /* LaunchScreen.storyboard */ = {
			isa = PBXVariantGroup;
			children = (
				50AB1A5C1BD7179700F14421 /* Base */,
			);
			name = LaunchScreen.storyboard;
			sourceTree = "<group>";
		};
/* End PBXVariantGroup section */

/* Begin XCBuildConfiguration section */
		50AB1A5F1BD7179700F14421 /* Debug */ = {
			isa = XCBuildConfiguration;
			buildSettings = {
				ALWAYS_SEARCH_USER_PATHS = NO;
				CLANG_CXX_LANGUAGE_STANDARD = "gnu++0x";
				CLANG_CXX_LIBRARY = "libc++";
				CLANG_ENABLE_MODULES = YES;
				CLANG_ENABLE_OBJC_ARC = YES;
				CLANG_WARN_BOOL_CONVERSION = YES;
				CLANG_WARN_CONSTANT_CONVERSION = YES;
				CLANG_WARN_DIRECT_OBJC_ISA_USAGE = YES_ERROR;
				CLANG_WARN_EMPTY_BODY = YES;
				CLANG_WARN_ENUM_CONVERSION = YES;
				CLANG_WARN_INT_CONVERSION = YES;
				CLANG_WARN_OBJC_ROOT_CLASS = YES_ERROR;
				CLANG_WARN_UNREACHABLE_CODE = YES;
				CLANG_WARN__DUPLICATE_METHOD_MATCH = YES;
				"CODE_SIGN_IDENTITY[sdk=iphoneos*]" = "iPhone Developer";
				COPY_PHASE_STRIP = NO;
				DEBUG_INFORMATION_FORMAT = dwarf;
				ENABLE_STRICT_OBJC_MSGSEND = YES;
				ENABLE_TESTABILITY = YES;
				GCC_C_LANGUAGE_STANDARD = gnu99;
				GCC_DYNAMIC_NO_PIC = NO;
				GCC_NO_COMMON_BLOCKS = YES;
				GCC_OPTIMIZATION_LEVEL = 0;
				GCC_PREPROCESSOR_DEFINITIONS = (
					"DEBUG=1",
					"$(inherited)",
				);
				GCC_WARN_64_TO_32_BIT_CONVERSION = YES;
				GCC_WARN_ABOUT_RETURN_TYPE = YES_ERROR;
				GCC_WARN_UNDECLARED_SELECTOR = YES;
				GCC_WARN_UNINITIALIZED_AUTOS = YES_AGGRESSIVE;
				GCC_WARN_UNUSED_FUNCTION = YES;
				GCC_WARN_UNUSED_VARIABLE = YES;
				IPHONEOS_DEPLOYMENT_TARGET = 9.0;
				MTL_ENABLE_DEBUG_INFO = YES;
				ONLY_ACTIVE_ARCH = YES;
				SDKROOT = iphoneos;
				TARGETED_DEVICE_FAMILY = "1,2";
			};
			name = Debug;
		};
		50AB1A601BD7179700F14421 /* Release */ = {
			isa = XCBuildConfiguration;
			buildSettings = {
				ALWAYS_SEARCH_USER_PATHS = NO;
				CLANG_CXX_LANGUAGE_STANDARD = "gnu++0x";
				CLANG_CXX_LIBRARY = "libc++";
				CLANG_ENABLE_MODULES = YES;
				CLANG_ENABLE_OBJC_ARC = YES;
				CLANG_WARN_BOOL_CONVERSION = YES;
				CLANG_WARN_CONSTANT_CONVERSION = YES;
				CLANG_WARN_DIRECT_OBJC_ISA_USAGE = YES_ERROR;
				CLANG_WARN_EMPTY_BODY = YES;
				CLANG_WARN_ENUM_CONVERSION = YES;
				CLANG_WARN_INT_CONVERSION = YES;
				CLANG_WARN_OBJC_ROOT_CLASS = YES_ERROR;
				CLANG_WARN_UNREACHABLE_CODE = YES;
				CLANG_WARN__DUPLICATE_METHOD_MATCH = YES;
				"CODE_SIGN_IDENTITY[sdk=iphoneos*]" = "iPhone Developer";
				COPY_PHASE_STRIP = NO;
				DEBUG_INFORMATION_FORMAT = "dwarf-with-dsym";
				ENABLE_NS_ASSERTIONS = NO;
				ENABLE_STRICT_OBJC_MSGSEND = YES;
				GCC_C_LANGUAGE_STANDARD = gnu99;
				GCC_NO_COMMON_BLOCKS = YES;
				GCC_WARN_64_TO_32_BIT_CONVERSION = YES;
				GCC_WARN_ABOUT_RETURN_TYPE = YES_ERROR;
				GCC_WARN_UNDECLARED_SELECTOR = YES;
				GCC_WARN_UNINITIALIZED_AUTOS = YES_AGGRESSIVE;
				GCC_WARN_UNUSED_FUNCTION = YES;
				GCC_WARN_UNUSED_VARIABLE = YES;
				IPHONEOS_DEPLOYMENT_TARGET = 9.0;
				MTL_ENABLE_DEBUG_INFO = NO;
				SDKROOT = iphoneos;
				TARGETED_DEVICE_FAMILY = "1,2";
				VALIDATE_PRODUCT = YES;
			};
			name = Release;
		};
		50AB1A621BD7179700F14421 /* Debug */ = {
			isa = XCBuildConfiguration;
			buildSettings = {
				ASSETCATALOG_COMPILER_APPICON_NAME = AppIcon;
				INFOPLIST_FILE = InMobiTest/Info.plist;
				LD_RUNPATH_SEARCH_PATHS = "$(inherited) @executable_path/Frameworks";
				LIBRARY_SEARCH_PATHS = (
					"$(inherited)",
					"$(PROJECT_DIR)/InMobiTest",
				);
				OTHER_LDFLAGS = (
					"-ObjC",
					"-all_load",
				);
				PRODUCT_BUNDLE_IDENTIFIER = Heyzap.InMobiTest;
				PRODUCT_NAME = "$(TARGET_NAME)";
			};
			name = Debug;
		};
		50AB1A631BD7179700F14421 /* Release */ = {
			isa = XCBuildConfiguration;
			buildSettings = {
				ASSETCATALOG_COMPILER_APPICON_NAME = AppIcon;
				INFOPLIST_FILE = InMobiTest/Info.plist;
				LD_RUNPATH_SEARCH_PATHS = "$(inherited) @executable_path/Frameworks";
				LIBRARY_SEARCH_PATHS = (
					"$(inherited)",
					"$(PROJECT_DIR)/InMobiTest",
				);
				OTHER_LDFLAGS = (
					"-ObjC",
					"-all_load",
				);
				PRODUCT_BUNDLE_IDENTIFIER = Heyzap.InMobiTest;
				PRODUCT_NAME = "$(TARGET_NAME)";
			};
			name = Release;
		};
/* End XCBuildConfiguration section */

/* Begin XCConfigurationList section */
		50AB1A451BD7179700F14421 /* Build configuration list for PBXProject "InMobiTest" */ = {
			isa = XCConfigurationList;
			buildConfigurations = (
				50AB1A5F1BD7179700F14421 /* Debug */,
				50AB1A601BD7179700F14421 /* Release */,
			);
			defaultConfigurationIsVisible = 0;
			defaultConfigurationName = Release;
		};
		50AB1A611BD7179700F14421 /* Build configuration list for PBXNativeTarget "InMobiTest" */ = {
			isa = XCConfigurationList;
			buildConfigurations = (
				50AB1A621BD7179700F14421 /* Debug */,
				50AB1A631BD7179700F14421 /* Release */,
			);
			defaultConfigurationIsVisible = 0;
		};
/* End XCConfigurationList section */
	};
	rootObject = 50AB1A421BD7179700F14421 /* Project object */;
}
